// !$*UTF8*$!
{
	archiveVersion = 1;
	classes = {
	};
	objectVersion = 56;
	objects = {

/* Begin PBXBuildFile section */
		F59E24092B144FA4009770FA /* effective_iosApp.swift in Sources */ = {isa = PBXBuildFile; fileRef = F59E24082B144FA4009770FA /* effective_iosApp.swift */; };
		F59E240B2B144FA4009770FA /* ContentView.swift in Sources */ = {isa = PBXBuildFile; fileRef = F59E240A2B144FA4009770FA /* ContentView.swift */; };
		F59E240D2B144FA5009770FA /* Assets.xcassets in Resources */ = {isa = PBXBuildFile; fileRef = F59E240C2B144FA5009770FA /* Assets.xcassets */; };
		F59E24102B144FA5009770FA /* Preview Assets.xcassets in Resources */ = {isa = PBXBuildFile; fileRef = F59E240F2B144FA5009770FA /* Preview Assets.xcassets */; };
		F59E241A2B144FA5009770FA /* effective_iosTests.swift in Sources */ = {isa = PBXBuildFile; fileRef = F59E24192B144FA5009770FA /* effective_iosTests.swift */; };
		F59E24242B144FA5009770FA /* effective_iosUITests.swift in Sources */ = {isa = PBXBuildFile; fileRef = F59E24232B144FA5009770FA /* effective_iosUITests.swift */; };
		F59E24262B144FA5009770FA /* effective_iosUITestsLaunchTests.swift in Sources */ = {isa = PBXBuildFile; fileRef = F59E24252B144FA5009770FA /* effective_iosUITestsLaunchTests.swift */; };
/* End PBXBuildFile section */

/* Begin PBXContainerItemProxy section */
		F59E24162B144FA5009770FA /* PBXContainerItemProxy */ = {
			isa = PBXContainerItemProxy;
			containerPortal = F59E23FD2B144FA4009770FA /* Project object */;
			proxyType = 1;
			remoteGlobalIDString = F59E24042B144FA4009770FA;
			remoteInfo = effective_ios;
		};
		F59E24202B144FA5009770FA /* PBXContainerItemProxy */ = {
			isa = PBXContainerItemProxy;
			containerPortal = F59E23FD2B144FA4009770FA /* Project object */;
			proxyType = 1;
			remoteGlobalIDString = F59E24042B144FA4009770FA;
			remoteInfo = effective_ios;
		};
/* End PBXContainerItemProxy section */

/* Begin PBXFileReference section */
		F59E24052B144FA4009770FA /* effective_ios.app */ = {isa = PBXFileReference; explicitFileType = wrapper.application; includeInIndex = 0; path = effective_ios.app; sourceTree = BUILT_PRODUCTS_DIR; };
		F59E24082B144FA4009770FA /* effective_iosApp.swift */ = {isa = PBXFileReference; lastKnownFileType = sourcecode.swift; path = effective_iosApp.swift; sourceTree = "<group>"; };
		F59E240A2B144FA4009770FA /* ContentView.swift */ = {isa = PBXFileReference; lastKnownFileType = sourcecode.swift; path = ContentView.swift; sourceTree = "<group>"; };
		F59E240C2B144FA5009770FA /* Assets.xcassets */ = {isa = PBXFileReference; lastKnownFileType = folder.assetcatalog; path = Assets.xcassets; sourceTree = "<group>"; };
		F59E240F2B144FA5009770FA /* Preview Assets.xcassets */ = {isa = PBXFileReference; lastKnownFileType = folder.assetcatalog; path = "Preview Assets.xcassets"; sourceTree = "<group>"; };
		F59E24152B144FA5009770FA /* effective_iosTests.xctest */ = {isa = PBXFileReference; explicitFileType = wrapper.cfbundle; includeInIndex = 0; path = effective_iosTests.xctest; sourceTree = BUILT_PRODUCTS_DIR; };
		F59E24192B144FA5009770FA /* effective_iosTests.swift */ = {isa = PBXFileReference; lastKnownFileType = sourcecode.swift; path = effective_iosTests.swift; sourceTree = "<group>"; };
		F59E241F2B144FA5009770FA /* effective_iosUITests.xctest */ = {isa = PBXFileReference; explicitFileType = wrapper.cfbundle; includeInIndex = 0; path = effective_iosUITests.xctest; sourceTree = BUILT_PRODUCTS_DIR; };
		F59E24232B144FA5009770FA /* effective_iosUITests.swift */ = {isa = PBXFileReference; lastKnownFileType = sourcecode.swift; path = effective_iosUITests.swift; sourceTree = "<group>"; };
		F59E24252B144FA5009770FA /* effective_iosUITestsLaunchTests.swift */ = {isa = PBXFileReference; lastKnownFileType = sourcecode.swift; path = effective_iosUITestsLaunchTests.swift; sourceTree = "<group>"; };
/* End PBXFileReference section */

/* Begin PBXFrameworksBuildPhase section */
		F59E24022B144FA4009770FA /* Frameworks */ = {
			isa = PBXFrameworksBuildPhase;
			buildActionMask = 2147483647;
			files = (
			);
			runOnlyForDeploymentPostprocessing = 0;
		};
		F59E24122B144FA5009770FA /* Frameworks */ = {
			isa = PBXFrameworksBuildPhase;
			buildActionMask = 2147483647;
			files = (
			);
			runOnlyForDeploymentPostprocessing = 0;
		};
		F59E241C2B144FA5009770FA /* Frameworks */ = {
			isa = PBXFrameworksBuildPhase;
			buildActionMask = 2147483647;
			files = (
			);
			runOnlyForDeploymentPostprocessing = 0;
		};
/* End PBXFrameworksBuildPhase section */

/* Begin PBXGroup section */
		F59E23FC2B144FA4009770FA = {
			isa = PBXGroup;
			children = (
				F59E24072B144FA4009770FA /* effective_ios */,
				F59E24182B144FA5009770FA /* effective_iosTests */,
				F59E24222B144FA5009770FA /* effective_iosUITests */,
				F59E24062B144FA4009770FA /* Products */,
			);
			sourceTree = "<group>";
		};
		F59E24062B144FA4009770FA /* Products */ = {
			isa = PBXGroup;
			children = (
				F59E24052B144FA4009770FA /* effective_ios.app */,
				F59E24152B144FA5009770FA /* effective_iosTests.xctest */,
				F59E241F2B144FA5009770FA /* effective_iosUITests.xctest */,
			);
			name = Products;
			sourceTree = "<group>";
		};
		F59E24072B144FA4009770FA /* effective_ios */ = {
			isa = PBXGroup;
			children = (
				F59E24082B144FA4009770FA /* effective_iosApp.swift */,
				F59E240A2B144FA4009770FA /* ContentView.swift */,
				F59E240C2B144FA5009770FA /* Assets.xcassets */,
				F59E240E2B144FA5009770FA /* Preview Content */,
			);
			path = effective_ios;
			sourceTree = "<group>";
		};
		F59E240E2B144FA5009770FA /* Preview Content */ = {
			isa = PBXGroup;
			children = (
				F59E240F2B144FA5009770FA /* Preview Assets.xcassets */,
			);
			path = "Preview Content";
			sourceTree = "<group>";
		};
		F59E24182B144FA5009770FA /* effective_iosTests */ = {
			isa = PBXGroup;
			children = (
				F59E24192B144FA5009770FA /* effective_iosTests.swift */,
			);
			path = effective_iosTests;
			sourceTree = "<group>";
		};
		F59E24222B144FA5009770FA /* effective_iosUITests */ = {
			isa = PBXGroup;
			children = (
				F59E24232B144FA5009770FA /* effective_iosUITests.swift */,
				F59E24252B144FA5009770FA /* effective_iosUITestsLaunchTests.swift */,
			);
			path = effective_iosUITests;
			sourceTree = "<group>";
		};
/* End PBXGroup section */

/* Begin PBXNativeTarget section */
		F59E24042B144FA4009770FA /* effective_ios */ = {
			isa = PBXNativeTarget;
			buildConfigurationList = F59E24292B144FA5009770FA /* Build configuration list for PBXNativeTarget "effective_ios" */;
			buildPhases = (
				F59E24012B144FA4009770FA /* Sources */,
				F59E24022B144FA4009770FA /* Frameworks */,
				F59E24032B144FA4009770FA /* Resources */,
			);
			buildRules = (
			);
			dependencies = (
			);
			name = effective_ios;
			productName = effective_ios;
			productReference = F59E24052B144FA4009770FA /* effective_ios.app */;
			productType = "com.apple.product-type.application";
		};
		F59E24142B144FA5009770FA /* effective_iosTests */ = {
			isa = PBXNativeTarget;
			buildConfigurationList = F59E242C2B144FA5009770FA /* Build configuration list for PBXNativeTarget "effective_iosTests" */;
			buildPhases = (
				F59E24112B144FA5009770FA /* Sources */,
				F59E24122B144FA5009770FA /* Frameworks */,
				F59E24132B144FA5009770FA /* Resources */,
			);
			buildRules = (
			);
			dependencies = (
				F59E24172B144FA5009770FA /* PBXTargetDependency */,
			);
			name = effective_iosTests;
			productName = effective_iosTests;
			productReference = F59E24152B144FA5009770FA /* effective_iosTests.xctest */;
			productType = "com.apple.product-type.bundle.unit-test";
		};
		F59E241E2B144FA5009770FA /* effective_iosUITests */ = {
			isa = PBXNativeTarget;
			buildConfigurationList = F59E242F2B144FA5009770FA /* Build configuration list for PBXNativeTarget "effective_iosUITests" */;
			buildPhases = (
				F59E241B2B144FA5009770FA /* Sources */,
				F59E241C2B144FA5009770FA /* Frameworks */,
				F59E241D2B144FA5009770FA /* Resources */,
			);
			buildRules = (
			);
			dependencies = (
				F59E24212B144FA5009770FA /* PBXTargetDependency */,
			);
			name = effective_iosUITests;
			productName = effective_iosUITests;
			productReference = F59E241F2B144FA5009770FA /* effective_iosUITests.xctest */;
			productType = "com.apple.product-type.bundle.ui-testing";
		};
/* End PBXNativeTarget section */

/* Begin PBXProject section */
		F59E23FD2B144FA4009770FA /* Project object */ = {
			isa = PBXProject;
			attributes = {
				BuildIndependentTargetsInParallel = 1;
				LastSwiftUpdateCheck = 1500;
				LastUpgradeCheck = 1500;
				TargetAttributes = {
					F59E24042B144FA4009770FA = {
						CreatedOnToolsVersion = 15.0.1;
					};
					F59E24142B144FA5009770FA = {
						CreatedOnToolsVersion = 15.0.1;
						TestTargetID = F59E24042B144FA4009770FA;
					};
					F59E241E2B144FA5009770FA = {
						CreatedOnToolsVersion = 15.0.1;
						TestTargetID = F59E24042B144FA4009770FA;
					};
				};
			};
			buildConfigurationList = F59E24002B144FA4009770FA /* Build configuration list for PBXProject "effective_ios" */;
			compatibilityVersion = "Xcode 14.0";
			developmentRegion = en;
			hasScannedForEncodings = 0;
			knownRegions = (
				en,
				Base,
			);
			mainGroup = F59E23FC2B144FA4009770FA;
			productRefGroup = F59E24062B144FA4009770FA /* Products */;
			projectDirPath = "";
			projectRoot = "";
			targets = (
				F59E24042B144FA4009770FA /* effective_ios */,
				F59E24142B144FA5009770FA /* effective_iosTests */,
				F59E241E2B144FA5009770FA /* effective_iosUITests */,
			);
		};
/* End PBXProject section */

/* Begin PBXResourcesBuildPhase section */
		F59E24032B144FA4009770FA /* Resources */ = {
			isa = PBXResourcesBuildPhase;
			buildActionMask = 2147483647;
			files = (
				F59E24102B144FA5009770FA /* Preview Assets.xcassets in Resources */,
				F59E240D2B144FA5009770FA /* Assets.xcassets in Resources */,
			);
			runOnlyForDeploymentPostprocessing = 0;
		};
		F59E24132B144FA5009770FA /* Resources */ = {
			isa = PBXResourcesBuildPhase;
			buildActionMask = 2147483647;
			files = (
			);
			runOnlyForDeploymentPostprocessing = 0;
		};
		F59E241D2B144FA5009770FA /* Resources */ = {
			isa = PBXResourcesBuildPhase;
			buildActionMask = 2147483647;
			files = (
			);
			runOnlyForDeploymentPostprocessing = 0;
		};
/* End PBXResourcesBuildPhase section */

/* Begin PBXSourcesBuildPhase section */
		F59E24012B144FA4009770FA /* Sources */ = {
			isa = PBXSourcesBuildPhase;
			buildActionMask = 2147483647;
			files = (
				F59E240B2B144FA4009770FA /* ContentView.swift in Sources */,
				F59E24092B144FA4009770FA /* effective_iosApp.swift in Sources */,
			);
			runOnlyForDeploymentPostprocessing = 0;
		};
		F59E24112B144FA5009770FA /* Sources */ = {
			isa = PBXSourcesBuildPhase;
			buildActionMask = 2147483647;
			files = (
				F59E241A2B144FA5009770FA /* effective_iosTests.swift in Sources */,
			);
			runOnlyForDeploymentPostprocessing = 0;
		};
		F59E241B2B144FA5009770FA /* Sources */ = {
			isa = PBXSourcesBuildPhase;
			buildActionMask = 2147483647;
			files = (
				F59E24262B144FA5009770FA /* effective_iosUITestsLaunchTests.swift in Sources */,
				F59E24242B144FA5009770FA /* effective_iosUITests.swift in Sources */,
			);
			runOnlyForDeploymentPostprocessing = 0;
		};
/* End PBXSourcesBuildPhase section */

/* Begin PBXTargetDependency section */
		F59E24172B144FA5009770FA /* PBXTargetDependency */ = {
			isa = PBXTargetDependency;
			target = F59E24042B144FA4009770FA /* effective_ios */;
			targetProxy = F59E24162B144FA5009770FA /* PBXContainerItemProxy */;
		};
		F59E24212B144FA5009770FA /* PBXTargetDependency */ = {
			isa = PBXTargetDependency;
			target = F59E24042B144FA4009770FA /* effective_ios */;
			targetProxy = F59E24202B144FA5009770FA /* PBXContainerItemProxy */;
		};
/* End PBXTargetDependency section */

/* Begin XCBuildConfiguration section */
		F59E24272B144FA5009770FA /* Debug */ = {
			isa = XCBuildConfiguration;
			buildSettings = {
				ALWAYS_SEARCH_USER_PATHS = NO;
				ASSETCATALOG_COMPILER_GENERATE_SWIFT_ASSET_SYMBOL_EXTENSIONS = YES;
				CLANG_ANALYZER_NONNULL = YES;
				CLANG_ANALYZER_NUMBER_OBJECT_CONVERSION = YES_AGGRESSIVE;
				CLANG_CXX_LANGUAGE_STANDARD = "gnu++20";
				CLANG_ENABLE_MODULES = YES;
				CLANG_ENABLE_OBJC_ARC = YES;
				CLANG_ENABLE_OBJC_WEAK = YES;
				CLANG_WARN_BLOCK_CAPTURE_AUTORELEASING = YES;
				CLANG_WARN_BOOL_CONVERSION = YES;
				CLANG_WARN_COMMA = YES;
				CLANG_WARN_CONSTANT_CONVERSION = YES;
				CLANG_WARN_DEPRECATED_OBJC_IMPLEMENTATIONS = YES;
				CLANG_WARN_DIRECT_OBJC_ISA_USAGE = YES_ERROR;
				CLANG_WARN_DOCUMENTATION_COMMENTS = YES;
				CLANG_WARN_EMPTY_BODY = YES;
				CLANG_WARN_ENUM_CONVERSION = YES;
				CLANG_WARN_INFINITE_RECURSION = YES;
				CLANG_WARN_INT_CONVERSION = YES;
				CLANG_WARN_NON_LITERAL_NULL_CONVERSION = YES;
				CLANG_WARN_OBJC_IMPLICIT_RETAIN_SELF = YES;
				CLANG_WARN_OBJC_LITERAL_CONVERSION = YES;
				CLANG_WARN_OBJC_ROOT_CLASS = YES_ERROR;
				CLANG_WARN_QUOTED_INCLUDE_IN_FRAMEWORK_HEADER = YES;
				CLANG_WARN_RANGE_LOOP_ANALYSIS = YES;
				CLANG_WARN_STRICT_PROTOTYPES = YES;
				CLANG_WARN_SUSPICIOUS_MOVE = YES;
				CLANG_WARN_UNGUARDED_AVAILABILITY = YES_AGGRESSIVE;
				CLANG_WARN_UNREACHABLE_CODE = YES;
				CLANG_WARN__DUPLICATE_METHOD_MATCH = YES;
				COPY_PHASE_STRIP = NO;
				DEBUG_INFORMATION_FORMAT = dwarf;
				ENABLE_STRICT_OBJC_MSGSEND = YES;
				ENABLE_TESTABILITY = YES;
				ENABLE_USER_SCRIPT_SANDBOXING = YES;
				GCC_C_LANGUAGE_STANDARD = gnu17;
				GCC_DYNAMIC_NO_PIC = NO;
				GCC_NO_COMMON_BLOCKS = YES;
				GCC_OPTIMIZATION_LEVEL = 0;
				GCC_PREPROCESSOR_DEFINITIONS = (
					"DEBUG=1",
					"$(inherited)",
				);
				GCC_WARN_64_TO_32_BIT_CONVERSION = YES;
				GCC_WARN_ABOUT_RETURN_TYPE = YES_ERROR;
				GCC_WARN_UNDECLARED_SELECTOR = YES;
				GCC_WARN_UNINITIALIZED_AUTOS = YES_AGGRESSIVE;
				GCC_WARN_UNUSED_FUNCTION = YES;
				GCC_WARN_UNUSED_VARIABLE = YES;
				IPHONEOS_DEPLOYMENT_TARGET = 17.0;
				LOCALIZATION_PREFERS_STRING_CATALOGS = YES;
				MTL_ENABLE_DEBUG_INFO = INCLUDE_SOURCE;
				MTL_FAST_MATH = YES;
				ONLY_ACTIVE_ARCH = YES;
				SDKROOT = iphoneos;
				SWIFT_ACTIVE_COMPILATION_CONDITIONS = "DEBUG $(inherited)";
				SWIFT_OPTIMIZATION_LEVEL = "-Onone";
			};
			name = Debug;
		};
		F59E24282B144FA5009770FA /* Release */ = {
			isa = XCBuildConfiguration;
			buildSettings = {
				ALWAYS_SEARCH_USER_PATHS = NO;
				ASSETCATALOG_COMPILER_GENERATE_SWIFT_ASSET_SYMBOL_EXTENSIONS = YES;
				CLANG_ANALYZER_NONNULL = YES;
				CLANG_ANALYZER_NUMBER_OBJECT_CONVERSION = YES_AGGRESSIVE;
				CLANG_CXX_LANGUAGE_STANDARD = "gnu++20";
				CLANG_ENABLE_MODULES = YES;
				CLANG_ENABLE_OBJC_ARC = YES;
				CLANG_ENABLE_OBJC_WEAK = YES;
				CLANG_WARN_BLOCK_CAPTURE_AUTORELEASING = YES;
				CLANG_WARN_BOOL_CONVERSION = YES;
				CLANG_WARN_COMMA = YES;
				CLANG_WARN_CONSTANT_CONVERSION = YES;
				CLANG_WARN_DEPRECATED_OBJC_IMPLEMENTATIONS = YES;
				CLANG_WARN_DIRECT_OBJC_ISA_USAGE = YES_ERROR;
				CLANG_WARN_DOCUMENTATION_COMMENTS = YES;
				CLANG_WARN_EMPTY_BODY = YES;
				CLANG_WARN_ENUM_CONVERSION = YES;
				CLANG_WARN_INFINITE_RECURSION = YES;
				CLANG_WARN_INT_CONVERSION = YES;
				CLANG_WARN_NON_LITERAL_NULL_CONVERSION = YES;
				CLANG_WARN_OBJC_IMPLICIT_RETAIN_SELF = YES;
				CLANG_WARN_OBJC_LITERAL_CONVERSION = YES;
				CLANG_WARN_OBJC_ROOT_CLASS = YES_ERROR;
				CLANG_WARN_QUOTED_INCLUDE_IN_FRAMEWORK_HEADER = YES;
				CLANG_WARN_RANGE_LOOP_ANALYSIS = YES;
				CLANG_WARN_STRICT_PROTOTYPES = YES;
				CLANG_WARN_SUSPICIOUS_MOVE = YES;
				CLANG_WARN_UNGUARDED_AVAILABILITY = YES_AGGRESSIVE;
				CLANG_WARN_UNREACHABLE_CODE = YES;
				CLANG_WARN__DUPLICATE_METHOD_MATCH = YES;
				COPY_PHASE_STRIP = NO;
				DEBUG_INFORMATION_FORMAT = "dwarf-with-dsym";
				ENABLE_NS_ASSERTIONS = NO;
				ENABLE_STRICT_OBJC_MSGSEND = YES;
				ENABLE_USER_SCRIPT_SANDBOXING = YES;
				GCC_C_LANGUAGE_STANDARD = gnu17;
				GCC_NO_COMMON_BLOCKS = YES;
				GCC_WARN_64_TO_32_BIT_CONVERSION = YES;
				GCC_WARN_ABOUT_RETURN_TYPE = YES_ERROR;
				GCC_WARN_UNDECLARED_SELECTOR = YES;
				GCC_WARN_UNINITIALIZED_AUTOS = YES_AGGRESSIVE;
				GCC_WARN_UNUSED_FUNCTION = YES;
				GCC_WARN_UNUSED_VARIABLE = YES;
				IPHONEOS_DEPLOYMENT_TARGET = 17.0;
				LOCALIZATION_PREFERS_STRING_CATALOGS = YES;
				MTL_ENABLE_DEBUG_INFO = NO;
				MTL_FAST_MATH = YES;
				SDKROOT = iphoneos;
				SWIFT_COMPILATION_MODE = wholemodule;
				VALIDATE_PRODUCT = YES;
			};
			name = Release;
		};
		F59E242A2B144FA5009770FA /* Debug */ = {
			isa = XCBuildConfiguration;
			buildSettings = {
				ASSETCATALOG_COMPILER_APPICON_NAME = AppIcon;
				ASSETCATALOG_COMPILER_GLOBAL_ACCENT_COLOR_NAME = AccentColor;
				CODE_SIGN_STYLE = Automatic;
				CURRENT_PROJECT_VERSION = 1;
				DEVELOPMENT_ASSET_PATHS = "\"effective_ios/Preview Content\"";
				ENABLE_PREVIEWS = YES;
				GENERATE_INFOPLIST_FILE = YES;
				INFOPLIST_KEY_UIApplicationSceneManifest_Generation = YES;
				INFOPLIST_KEY_UIApplicationSupportsIndirectInputEvents = YES;
				INFOPLIST_KEY_UILaunchScreen_Generation = YES;
				INFOPLIST_KEY_UISupportedInterfaceOrientations_iPad = "UIInterfaceOrientationPortrait UIInterfaceOrientationPortraitUpsideDown UIInterfaceOrientationLandscapeLeft UIInterfaceOrientationLandscapeRight";
				INFOPLIST_KEY_UISupportedInterfaceOrientations_iPhone = "UIInterfaceOrientationPortrait UIInterfaceOrientationLandscapeLeft UIInterfaceOrientationLandscapeRight";
				LD_RUNPATH_SEARCH_PATHS = (
					"$(inherited)",
					"@executable_path/Frameworks",
				);
				MARKETING_VERSION = 1.0;
				PRODUCT_BUNDLE_IDENTIFIER = "Labik.effective-ios";
				PRODUCT_NAME = "$(TARGET_NAME)";
				SWIFT_EMIT_LOC_STRINGS = YES;
				SWIFT_VERSION = 5.0;
				TARGETED_DEVICE_FAMILY = "1,2";
			};
			name = Debug;
		};
		F59E242B2B144FA5009770FA /* Release */ = {
			isa = XCBuildConfiguration;
			buildSettings = {
				ASSETCATALOG_COMPILER_APPICON_NAME = AppIcon;
				ASSETCATALOG_COMPILER_GLOBAL_ACCENT_COLOR_NAME = AccentColor;
				CODE_SIGN_STYLE = Automatic;
				CURRENT_PROJECT_VERSION = 1;
				DEVELOPMENT_ASSET_PATHS = "\"effective_ios/Preview Content\"";
				ENABLE_PREVIEWS = YES;
				GENERATE_INFOPLIST_FILE = YES;
				INFOPLIST_KEY_UIApplicationSceneManifest_Generation = YES;
				INFOPLIST_KEY_UIApplicationSupportsIndirectInputEvents = YES;
				INFOPLIST_KEY_UILaunchScreen_Generation = YES;
				INFOPLIST_KEY_UISupportedInterfaceOrientations_iPad = "UIInterfaceOrientationPortrait UIInterfaceOrientationPortraitUpsideDown UIInterfaceOrientationLandscapeLeft UIInterfaceOrientationLandscapeRight";
				INFOPLIST_KEY_UISupportedInterfaceOrientations_iPhone = "UIInterfaceOrientationPortrait UIInterfaceOrientationLandscapeLeft UIInterfaceOrientationLandscapeRight";
				LD_RUNPATH_SEARCH_PATHS = (
					"$(inherited)",
					"@executable_path/Frameworks",
				);
				MARKETING_VERSION = 1.0;
				PRODUCT_BUNDLE_IDENTIFIER = "Labik.effective-ios";
				PRODUCT_NAME = "$(TARGET_NAME)";
				SWIFT_EMIT_LOC_STRINGS = YES;
				SWIFT_VERSION = 5.0;
				TARGETED_DEVICE_FAMILY = "1,2";
			};
			name = Release;
		};
		F59E242D2B144FA5009770FA /* Debug */ = {
			isa = XCBuildConfiguration;
			buildSettings = {
				ALWAYS_EMBED_SWIFT_STANDARD_LIBRARIES = YES;
				BUNDLE_LOADER = "$(TEST_HOST)";
				CODE_SIGN_STYLE = Automatic;
				CURRENT_PROJECT_VERSION = 1;
				GENERATE_INFOPLIST_FILE = YES;
				IPHONEOS_DEPLOYMENT_TARGET = 17.0;
				MARKETING_VERSION = 1.0;
				PRODUCT_BUNDLE_IDENTIFIER = "Labik.effective-iosTests";
				PRODUCT_NAME = "$(TARGET_NAME)";
				SWIFT_EMIT_LOC_STRINGS = NO;
				SWIFT_VERSION = 5.0;
				TARGETED_DEVICE_FAMILY = "1,2";
				TEST_HOST = "$(BUILT_PRODUCTS_DIR)/effective_ios.app/$(BUNDLE_EXECUTABLE_FOLDER_PATH)/effective_ios";
			};
			name = Debug;
		};
		F59E242E2B144FA5009770FA /* Release */ = {
			isa = XCBuildConfiguration;
			buildSettings = {
				ALWAYS_EMBED_SWIFT_STANDARD_LIBRARIES = YES;
				BUNDLE_LOADER = "$(TEST_HOST)";
				CODE_SIGN_STYLE = Automatic;
				CURRENT_PROJECT_VERSION = 1;
				GENERATE_INFOPLIST_FILE = YES;
				IPHONEOS_DEPLOYMENT_TARGET = 17.0;
				MARKETING_VERSION = 1.0;
				PRODUCT_BUNDLE_IDENTIFIER = "Labik.effective-iosTests";
				PRODUCT_NAME = "$(TARGET_NAME)";
				SWIFT_EMIT_LOC_STRINGS = NO;
				SWIFT_VERSION = 5.0;
				TARGETED_DEVICE_FAMILY = "1,2";
				TEST_HOST = "$(BUILT_PRODUCTS_DIR)/effective_ios.app/$(BUNDLE_EXECUTABLE_FOLDER_PATH)/effective_ios";
			};
			name = Release;
		};
		F59E24302B144FA5009770FA /* Debug */ = {
			isa = XCBuildConfiguration;
			buildSettings = {
				ALWAYS_EMBED_SWIFT_STANDARD_LIBRARIES = YES;
				CODE_SIGN_STYLE = Automatic;
				CURRENT_PROJECT_VERSION = 1;
				GENERATE_INFOPLIST_FILE = YES;
				MARKETING_VERSION = 1.0;
				PRODUCT_BUNDLE_IDENTIFIER = "Labik.effective-iosUITests";
				PRODUCT_NAME = "$(TARGET_NAME)";
				SWIFT_EMIT_LOC_STRINGS = NO;
				SWIFT_VERSION = 5.0;
				TARGETED_DEVICE_FAMILY = "1,2";
				TEST_TARGET_NAME = effective_ios;
			};
			name = Debug;
		};
		F59E24312B144FA5009770FA /* Release */ = {
			isa = XCBuildConfiguration;
			buildSettings = {
				ALWAYS_EMBED_SWIFT_STANDARD_LIBRARIES = YES;
				CODE_SIGN_STYLE = Automatic;
				CURRENT_PROJECT_VERSION = 1;
				GENERATE_INFOPLIST_FILE = YES;
				MARKETING_VERSION = 1.0;
				PRODUCT_BUNDLE_IDENTIFIER = "Labik.effective-iosUITests";
				PRODUCT_NAME = "$(TARGET_NAME)";
				SWIFT_EMIT_LOC_STRINGS = NO;
				SWIFT_VERSION = 5.0;
				TARGETED_DEVICE_FAMILY = "1,2";
				TEST_TARGET_NAME = effective_ios;
			};
			name = Release;
		};
/* End XCBuildConfiguration section */

/* Begin XCConfigurationList section */
		F59E24002B144FA4009770FA /* Build configuration list for PBXProject "effective_ios" */ = {
			isa = XCConfigurationList;
			buildConfigurations = (
				F59E24272B144FA5009770FA /* Debug */,
				F59E24282B144FA5009770FA /* Release */,
			);
			defaultConfigurationIsVisible = 0;
			defaultConfigurationName = Release;
		};
		F59E24292B144FA5009770FA /* Build configuration list for PBXNativeTarget "effective_ios" */ = {
			isa = XCConfigurationList;
			buildConfigurations = (
				F59E242A2B144FA5009770FA /* Debug */,
				F59E242B2B144FA5009770FA /* Release */,
			);
			defaultConfigurationIsVisible = 0;
			defaultConfigurationName = Release;
		};
		F59E242C2B144FA5009770FA /* Build configuration list for PBXNativeTarget "effective_iosTests" */ = {
			isa = XCConfigurationList;
			buildConfigurations = (
				F59E242D2B144FA5009770FA /* Debug */,
				F59E242E2B144FA5009770FA /* Release */,
			);
			defaultConfigurationIsVisible = 0;
			defaultConfigurationName = Release;
		};
		F59E242F2B144FA5009770FA /* Build configuration list for PBXNativeTarget "effective_iosUITests" */ = {
			isa = XCConfigurationList;
			buildConfigurations = (
				F59E24302B144FA5009770FA /* Debug */,
				F59E24312B144FA5009770FA /* Release */,
			);
			defaultConfigurationIsVisible = 0;
			defaultConfigurationName = Release;
		};
/* End XCConfigurationList section */
	};
	rootObject = F59E23FD2B144FA4009770FA /* Project object */;
}
